
Microsoft Visual Studio Solution File, Format Version 10.00
# Visual Studio 2008
Project("{8BC9CEB8-8B4A-11D0-8D11-00A0C91BC942}") = "xfw", "projects\xfw.vcproj", "{069F3100-0D13-459F-8AC8-3357A22F612E}"
EndProject
Project("{8BC9CEB8-8B4A-11D0-8D11-00A0C91BC942}") = "xfw-fi", "projects\xfw-fi.vcproj", "{775EE8F7-924A-403C-A274-6AE31DF61138}"
	ProjectSection(ProjectDependencies) = postProject
		{069F3100-0D13-459F-8AC8-3357A22F612E} = {069F3100-0D13-459F-8AC8-3357A22F612E}
	EndProjectSection
EndProject
Global
	GlobalSection(SolutionConfigurationPlatforms) = preSolution
		Debug|Win32 = Debug|Win32
		Release|Win32 = Release|Win32
	EndGlobalSection
	GlobalSection(ProjectConfigurationPlatforms) = postSolution
		{069F3100-0D13-459F-8AC8-3357A22F612E}.Debug|Win32.ActiveCfg = Debug|Win32
		{069F3100-0D13-459F-8AC8-3357A22F612E}.Debug|Win32.Build.0 = Debug|Win32
		{069F3100-0D13-459F-8AC8-3357A22F612E}.Release|Win32.ActiveCfg = Release|Win32
		{069F3100-0D13-459F-8AC8-3357A22F612E}.Release|Win32.Build.0 = Release|Win32
		{775EE8F7-924A-403C-A274-6AE31DF61138}.Debug|Win32.ActiveCfg = Debug|Win32
		{775EE8F7-924A-403C-A274-6AE31DF61138}.Debug|Win32.Build.0 = Debug|Win32
		{775EE8F7-924A-403C-A274-6AE31DF61138}.Release|Win32.ActiveCfg = Release|Win32
		{775EE8F7-924A-403C-A274-6AE31DF61138}.Release|Win32.Build.0 = Release|Win32
	EndGlobalSection
	GlobalSection(SolutionProperties) = preSolution
		HideSolutionNode = FALSE
	EndGlobalSection
EndGlobal
